
Microsoft Visual Studio Solution File, Format Version 12.00
# Visual Studio 2013
VisualStudioVersion = 12.0.30501.0
MinimumVisualStudioVersion = 10.0.40219.1
Project("{FAE04EC0-301F-11D3-BF4B-00C04F79EFBC}") = "BlueYonder.Model", "BlueYonder.Model\BlueYonder.Model.csproj", "{4136A161-22D7-4E75-9BAE-A320B91B7575}"
EndProject
Project("{FAE04EC0-301F-11D3-BF4B-00C04F79EFBC}") = "BlueYonder.MVC", "BlueYonder.MVC\BlueYonder.MVC.csproj", "{6A1D5175-E76B-4227-A68F-DE6ED3918B4F}"
EndProject
Global
	GlobalSection(SolutionConfigurationPlatforms) = preSolution
		Debug|Any CPU = Debug|Any CPU
		Release|Any CPU = Release|Any CPU
	EndGlobalSection
	GlobalSection(ProjectConfigurationPlatforms) = postSolution
		{4136A161-22D7-4E75-9BAE-A320B91B7575}.Debug|Any CPU.ActiveCfg = Debug|Any CPU
		{4136A161-22D7-4E75-9BAE-A320B91B7575}.Debug|Any CPU.Build.0 = Debug|Any CPU
		{4136A161-22D7-4E75-9BAE-A320B91B7575}.Release|Any CPU.ActiveCfg = Release|Any CPU
		{4136A161-22D7-4E75-9BAE-A320B91B7575}.Release|Any CPU.Build.0 = Release|Any CPU
		{6A1D5175-E76B-4227-A68F-DE6ED3918B4F}.Debug|Any CPU.ActiveCfg = Debug|Any CPU
		{6A1D5175-E76B-4227-A68F-DE6ED3918B4F}.Debug|Any CPU.Build.0 = Debug|Any CPU
		{6A1D5175-E76B-4227-A68F-DE6ED3918B4F}.Release|Any CPU.ActiveCfg = Release|Any CPU
		{6A1D5175-E76B-4227-A68F-DE6ED3918B4F}.Release|Any CPU.Build.0 = Release|Any CPU
	EndGlobalSection
	GlobalSection(SolutionProperties) = preSolution
		HideSolutionNode = FALSE
	EndGlobalSection
EndGlobal
